
Microsoft Visual Studio Solution File, Format Version 12.00
# Visual Studio Version 17
VisualStudioVersion = 17.0.31903.59
MinimumVisualStudioVersion = 10.0.40219.1
Project("{2150E333-8FDC-42A3-9474-1A3956D46DE8}") = "src", "src", "{827E0CD3-B72D-47B6-A68D-7590B98EB39B}"
EndProject
Project("{2150E333-8FDC-42A3-9474-1A3956D46DE8}") = "Core", "Core", "{8D626EA8-CB54-BC41-363A-217881BEBA6E}"
EndProject
Project("{FAE04EC0-301F-11D3-BF4B-00C04F79EFBC}") = "Jotdex.Core", "src\Core\Jotdex.Core.csproj", "{C5207B72-5AA5-4EC4-BDBB-8C9F3706CB5F}"
EndProject
Project("{2150E333-8FDC-42A3-9474-1A3956D46DE8}") = "Infrastructure", "Infrastructure", "{9048EB7F-3875-A59E-E36B-5BD4C6F2A282}"
EndProject
Project("{FAE04EC0-301F-11D3-BF4B-00C04F79EFBC}") = "Jotdex.Infrastructure", "src\Infrastructure\Jotdex.Infrastructure.csproj", "{EC15EC9C-3A2A-479E-AECF-8135DCA867B9}"
EndProject
Project("{2150E333-8FDC-42A3-9474-1A3956D46DE8}") = "Server", "Server", "{E6B48023-E680-40DA-9E17-319585C26937}"
EndProject
Project("{FAE04EC0-301F-11D3-BF4B-00C04F79EFBC}") = "Jotdex.Server", "src\Server\Jotdex.Server.csproj", "{3F55FB9B-1DE5-4660-8973-E726E81E4356}"
EndProject
Project("{2150E333-8FDC-42A3-9474-1A3956D46DE8}") = "tests", "tests", "{0AB3BF05-4346-4AA6-1389-037BE0695223}"
EndProject
Project("{2150E333-8FDC-42A3-9474-1A3956D46DE8}") = "Unit", "Unit", "{9D556B49-86D1-93A7-9596-FFAAB74EC556}"
EndProject
Project("{FAE04EC0-301F-11D3-BF4B-00C04F79EFBC}") = "Jotdex.Tests.Smoke", "tests\Unit\Jotdex.Tests.Smoke\Jotdex.Tests.Smoke.csproj", "{E2F0DA7F-BEFC-4023-931D-295342D902AD}"
EndProject
Global
	GlobalSection(SolutionConfigurationPlatforms) = preSolution
		Debug|Any CPU = Debug|Any CPU
		Debug|x64 = Debug|x64
		Debug|x86 = Debug|x86
		Release|Any CPU = Release|Any CPU
		Release|x64 = Release|x64
		Release|x86 = Release|x86
	EndGlobalSection
	GlobalSection(ProjectConfigurationPlatforms) = postSolution
		{C5207B72-5AA5-4EC4-BDBB-8C9F3706CB5F}.Debug|Any CPU.ActiveCfg = Debug|Any CPU
		{C5207B72-5AA5-4EC4-BDBB-8C9F3706CB5F}.Debug|Any CPU.Build.0 = Debug|Any CPU
		{C5207B72-5AA5-4EC4-BDBB-8C9F3706CB5F}.Debug|x64.ActiveCfg = Debug|Any CPU
		{C5207B72-5AA5-4EC4-BDBB-8C9F3706CB5F}.Debug|x64.Build.0 = Debug|Any CPU
		{C5207B72-5AA5-4EC4-BDBB-8C9F3706CB5F}.Debug|x86.ActiveCfg = Debug|Any CPU
		{C5207B72-5AA5-4EC4-BDBB-8C9F3706CB5F}.Debug|x86.Build.0 = Debug|Any CPU
		{C5207B72-5AA5-4EC4-BDBB-8C9F3706CB5F}.Release|Any CPU.ActiveCfg = Release|Any CPU
		{C5207B72-5AA5-4EC4-BDBB-8C9F3706CB5F}.Release|Any CPU.Build.0 = Release|Any CPU
		{C5207B72-5AA5-4EC4-BDBB-8C9F3706CB5F}.Release|x64.ActiveCfg = Release|Any CPU
		{C5207B72-5AA5-4EC4-BDBB-8C9F3706CB5F}.Release|x64.Build.0 = Release|Any CPU
		{C5207B72-5AA5-4EC4-BDBB-8C9F3706CB5F}.Release|x86.ActiveCfg = Release|Any CPU
		{C5207B72-5AA5-4EC4-BDBB-8C9F3706CB5F}.Release|x86.Build.0 = Release|Any CPU
		{EC15EC9C-3A2A-479E-AECF-8135DCA867B9}.Debug|Any CPU.ActiveCfg = Debug|Any CPU
		{EC15EC9C-3A2A-479E-AECF-8135DCA867B9}.Debug|Any CPU.Build.0 = Debug|Any CPU
		{EC15EC9C-3A2A-479E-AECF-8135DCA867B9}.Debug|x64.ActiveCfg = Debug|Any CPU
		{EC15EC9C-3A2A-479E-AECF-8135DCA867B9}.Debug|x64.Build.0 = Debug|Any CPU
		{EC15EC9C-3A2A-479E-AECF-8135DCA867B9}.Debug|x86.ActiveCfg = Debug|Any CPU
		{EC15EC9C-3A2A-479E-AECF-8135DCA867B9}.Debug|x86.Build.0 = Debug|Any CPU
		{EC15EC9C-3A2A-479E-AECF-8135DCA867B9}.Release|Any CPU.ActiveCfg = Release|Any CPU
		{EC15EC9C-3A2A-479E-AECF-8135DCA867B9}.Release|Any CPU.Build.0 = Release|Any CPU
		{EC15EC9C-3A2A-479E-AECF-8135DCA867B9}.Release|x64.ActiveCfg = Release|Any CPU
		{EC15EC9C-3A2A-479E-AECF-8135DCA867B9}.Release|x64.Build.0 = Release|Any CPU
		{EC15EC9C-3A2A-479E-AECF-8135DCA867B9}.Release|x86.ActiveCfg = Release|Any CPU
		{EC15EC9C-3A2A-479E-AECF-8135DCA867B9}.Release|x86.Build.0 = Release|Any CPU
		{3F55FB9B-1DE5-4660-8973-E726E81E4356}.Debug|Any CPU.ActiveCfg = Debug|Any CPU
		{3F55FB9B-1DE5-4660-8973-E726E81E4356}.Debug|Any CPU.Build.0 = Debug|Any CPU
		{3F55FB9B-1DE5-4660-8973-E726E81E4356}.Debug|x64.ActiveCfg = Debug|Any CPU
		{3F55FB9B-1DE5-4660-8973-E726E81E4356}.Debug|x64.Build.0 = Debug|Any CPU
		{3F55FB9B-1DE5-4660-8973-E726E81E4356}.Debug|x86.ActiveCfg = Debug|Any CPU
		{3F55FB9B-1DE5-4660-8973-E726E81E4356}.Debug|x86.Build.0 = Debug|Any CPU
		{3F55FB9B-1DE5-4660-8973-E726E81E4356}.Release|Any CPU.ActiveCfg = Release|Any CPU
		{3F55FB9B-1DE5-4660-8973-E726E81E4356}.Release|Any CPU.Build.0 = Release|Any CPU
		{3F55FB9B-1DE5-4660-8973-E726E81E4356}.Release|x64.ActiveCfg = Release|Any CPU
		{3F55FB9B-1DE5-4660-8973-E726E81E4356}.Release|x64.Build.0 = Release|Any CPU
		{3F55FB9B-1DE5-4660-8973-E726E81E4356}.Release|x86.ActiveCfg = Release|Any CPU
		{3F55FB9B-1DE5-4660-8973-E726E81E4356}.Release|x86.Build.0 = Release|Any CPU
		{E2F0DA7F-BEFC-4023-931D-295342D902AD}.Debug|Any CPU.ActiveCfg = Debug|Any CPU
		{E2F0DA7F-BEFC-4023-931D-295342D902AD}.Debug|Any CPU.Build.0 = Debug|Any CPU
		{E2F0DA7F-BEFC-4023-931D-295342D902AD}.Debug|x64.ActiveCfg = Debug|Any CPU
		{E2F0DA7F-BEFC-4023-931D-295342D902AD}.Debug|x64.Build.0 = Debug|Any CPU
		{E2F0DA7F-BEFC-4023-931D-295342D902AD}.Debug|x86.ActiveCfg = Debug|Any CPU
		{E2F0DA7F-BEFC-4023-931D-295342D902AD}.Debug|x86.Build.0 = Debug|Any CPU
		{E2F0DA7F-BEFC-4023-931D-295342D902AD}.Release|Any CPU.ActiveCfg = Release|Any CPU
		{E2F0DA7F-BEFC-4023-931D-295342D902AD}.Release|Any CPU.Build.0 = Release|Any CPU
		{E2F0DA7F-BEFC-4023-931D-295342D902AD}.Release|x64.ActiveCfg = Release|Any CPU
		{E2F0DA7F-BEFC-4023-931D-295342D902AD}.Release|x64.Build.0 = Release|Any CPU
		{E2F0DA7F-BEFC-4023-931D-295342D902AD}.Release|x86.ActiveCfg = Release|Any CPU
		{E2F0DA7F-BEFC-4023-931D-295342D902AD}.Release|x86.Build.0 = Release|Any CPU
	EndGlobalSection
	GlobalSection(SolutionProperties) = preSolution
		HideSolutionNode = FALSE
	EndGlobalSection
	GlobalSection(NestedProjects) = preSolution
		{8D626EA8-CB54-BC41-363A-217881BEBA6E} = {827E0CD3-B72D-47B6-A68D-7590B98EB39B}
		{C5207B72-5AA5-4EC4-BDBB-8C9F3706CB5F} = {8D626EA8-CB54-BC41-363A-217881BEBA6E}
		{9048EB7F-3875-A59E-E36B-5BD4C6F2A282} = {827E0CD3-B72D-47B6-A68D-7590B98EB39B}
		{EC15EC9C-3A2A-479E-AECF-8135DCA867B9} = {9048EB7F-3875-A59E-E36B-5BD4C6F2A282}
		{E6B48023-E680-40DA-9E17-319585C26937} = {827E0CD3-B72D-47B6-A68D-7590B98EB39B}
		{3F55FB9B-1DE5-4660-8973-E726E81E4356} = {E6B48023-E680-40DA-9E17-319585C26937}
		{9D556B49-86D1-93A7-9596-FFAAB74EC556} = {0AB3BF05-4346-4AA6-1389-037BE0695223}
		{E2F0DA7F-BEFC-4023-931D-295342D902AD} = {9D556B49-86D1-93A7-9596-FFAAB74EC556}
	EndGlobalSection
EndGlobal
